// !$*UTF8*$!
{
	archiveVersion = 1;
	classes = {
	};
	objectVersion = 56;
	objects = {

/* Begin PBXBuildFile section */
		BE18BCA62C3DEAAA0072AE99 /* LibraryView.swift in Sources */ = {isa = PBXBuildFile; fileRef = BE18BCA52C3DEAAA0072AE99 /* LibraryView.swift */; };
		BE18BCA92C3DEF060072AE99 /* LibraryViewModel.swift in Sources */ = {isa = PBXBuildFile; fileRef = BE18BCA82C3DEF060072AE99 /* LibraryViewModel.swift */; };
		BE18BCAC2C3DEFE50072AE99 /* Playlist.swift in Sources */ = {isa = PBXBuildFile; fileRef = BE18BCAB2C3DEFE50072AE99 /* Playlist.swift */; };
		BE18BCAE2C3DF01A0072AE99 /* PlaylistsResponse.swift in Sources */ = {isa = PBXBuildFile; fileRef = BE18BCAD2C3DF01A0072AE99 /* PlaylistsResponse.swift */; };
		BEDB540C2C3C9BC7006F0E00 /* HalfNapsterApp.swift in Sources */ = {isa = PBXBuildFile; fileRef = BEDB540B2C3C9BC7006F0E00 /* HalfNapsterApp.swift */; };
		BEDB540E2C3C9BC7006F0E00 /* ContentView.swift in Sources */ = {isa = PBXBuildFile; fileRef = BEDB540D2C3C9BC7006F0E00 /* ContentView.swift */; };
		BEDB54102C3C9BC9006F0E00 /* Assets.xcassets in Resources */ = {isa = PBXBuildFile; fileRef = BEDB540F2C3C9BC9006F0E00 /* Assets.xcassets */; };
		BEDB54132C3C9BC9006F0E00 /* Preview Assets.xcassets in Resources */ = {isa = PBXBuildFile; fileRef = BEDB54122C3C9BC9006F0E00 /* Preview Assets.xcassets */; };
		BEDB541C2C3C9C27006F0E00 /* OAuthSwift in Frameworks */ = {isa = PBXBuildFile; productRef = BEDB541B2C3C9C27006F0E00 /* OAuthSwift */; };
		BEDB54222C3C9ED1006F0E00 /* LoginView.swift in Sources */ = {isa = PBXBuildFile; fileRef = BEDB54212C3C9ED1006F0E00 /* LoginView.swift */; };
		BEDB54252C3CA527006F0E00 /* OAuthService.swift in Sources */ = {isa = PBXBuildFile; fileRef = BEDB54242C3CA527006F0E00 /* OAuthService.swift */; };
		BEE3727D2C3F21FC00CF96B7 /* PlaylistView.swift in Sources */ = {isa = PBXBuildFile; fileRef = BEE3727C2C3F21FC00CF96B7 /* PlaylistView.swift */; };
		BEE3727F2C3F225900CF96B7 /* PlaylistViewModel.swift in Sources */ = {isa = PBXBuildFile; fileRef = BEE3727E2C3F225900CF96B7 /* PlaylistViewModel.swift */; };
		BEE372812C3F22E400CF96B7 /* Track.swift in Sources */ = {isa = PBXBuildFile; fileRef = BEE372802C3F22E400CF96B7 /* Track.swift */; };
		BEE372832C3F28BE00CF96B7 /* TracksResponse.swift in Sources */ = {isa = PBXBuildFile; fileRef = BEE372822C3F28BE00CF96B7 /* TracksResponse.swift */; };
		BEE372852C3F30FD00CF96B7 /* PlaylistDocument.swift in Sources */ = {isa = PBXBuildFile; fileRef = BEE372842C3F30FD00CF96B7 /* PlaylistDocument.swift */; };
/* End PBXBuildFile section */

/* Begin PBXFileReference section */
		BE18BCA52C3DEAAA0072AE99 /* LibraryView.swift */ = {isa = PBXFileReference; lastKnownFileType = sourcecode.swift; path = LibraryView.swift; sourceTree = "<group>"; };
		BE18BCA82C3DEF060072AE99 /* LibraryViewModel.swift */ = {isa = PBXFileReference; lastKnownFileType = sourcecode.swift; path = LibraryViewModel.swift; sourceTree = "<group>"; };
		BE18BCAB2C3DEFE50072AE99 /* Playlist.swift */ = {isa = PBXFileReference; lastKnownFileType = sourcecode.swift; path = Playlist.swift; sourceTree = "<group>"; };
		BE18BCAD2C3DF01A0072AE99 /* PlaylistsResponse.swift */ = {isa = PBXFileReference; lastKnownFileType = sourcecode.swift; path = PlaylistsResponse.swift; sourceTree = "<group>"; };
		BEB4C7EF2C3DCF0700CB80E7 /* Info.plist */ = {isa = PBXFileReference; lastKnownFileType = text.plist; path = Info.plist; sourceTree = "<group>"; };
		BEDB54082C3C9BC7006F0E00 /* HalfNapster.app */ = {isa = PBXFileReference; explicitFileType = wrapper.application; includeInIndex = 0; path = HalfNapster.app; sourceTree = BUILT_PRODUCTS_DIR; };
		BEDB540B2C3C9BC7006F0E00 /* HalfNapsterApp.swift */ = {isa = PBXFileReference; lastKnownFileType = sourcecode.swift; path = HalfNapsterApp.swift; sourceTree = "<group>"; };
		BEDB540D2C3C9BC7006F0E00 /* ContentView.swift */ = {isa = PBXFileReference; lastKnownFileType = sourcecode.swift; path = ContentView.swift; sourceTree = "<group>"; };
		BEDB540F2C3C9BC9006F0E00 /* Assets.xcassets */ = {isa = PBXFileReference; lastKnownFileType = folder.assetcatalog; path = Assets.xcassets; sourceTree = "<group>"; };
		BEDB54122C3C9BC9006F0E00 /* Preview Assets.xcassets */ = {isa = PBXFileReference; lastKnownFileType = folder.assetcatalog; path = "Preview Assets.xcassets"; sourceTree = "<group>"; };
		BEDB54142C3C9BC9006F0E00 /* HalfNapster.entitlements */ = {isa = PBXFileReference; lastKnownFileType = text.plist.entitlements; path = HalfNapster.entitlements; sourceTree = "<group>"; };
		BEDB54212C3C9ED1006F0E00 /* LoginView.swift */ = {isa = PBXFileReference; lastKnownFileType = sourcecode.swift; path = LoginView.swift; sourceTree = "<group>"; };
		BEDB54242C3CA527006F0E00 /* OAuthService.swift */ = {isa = PBXFileReference; lastKnownFileType = sourcecode.swift; path = OAuthService.swift; sourceTree = "<group>"; };
		BEE3727C2C3F21FC00CF96B7 /* PlaylistView.swift */ = {isa = PBXFileReference; lastKnownFileType = sourcecode.swift; path = PlaylistView.swift; sourceTree = "<group>"; };
		BEE3727E2C3F225900CF96B7 /* PlaylistViewModel.swift */ = {isa = PBXFileReference; lastKnownFileType = sourcecode.swift; path = PlaylistViewModel.swift; sourceTree = "<group>"; };
		BEE372802C3F22E400CF96B7 /* Track.swift */ = {isa = PBXFileReference; lastKnownFileType = sourcecode.swift; path = Track.swift; sourceTree = "<group>"; };
		BEE372822C3F28BE00CF96B7 /* TracksResponse.swift */ = {isa = PBXFileReference; lastKnownFileType = sourcecode.swift; path = TracksResponse.swift; sourceTree = "<group>"; };
		BEE372842C3F30FD00CF96B7 /* PlaylistDocument.swift */ = {isa = PBXFileReference; lastKnownFileType = sourcecode.swift; path = PlaylistDocument.swift; sourceTree = "<group>"; };
/* End PBXFileReference section */

/* Begin PBXFrameworksBuildPhase section */
		BEDB54052C3C9BC7006F0E00 /* Frameworks */ = {
			isa = PBXFrameworksBuildPhase;
			buildActionMask = 2147483647;
			files = (
				BEDB541C2C3C9C27006F0E00 /* OAuthSwift in Frameworks */,
			);
			runOnlyForDeploymentPostprocessing = 0;
		};
/* End PBXFrameworksBuildPhase section */

/* Begin PBXGroup section */
		BE18BCA32C3DEA8B0072AE99 /* Library */ = {
			isa = PBXGroup;
			children = (
				BE18BCA52C3DEAAA0072AE99 /* LibraryView.swift */,
			);
			path = Library;
			sourceTree = "<group>";
		};
		BE18BCA42C3DEA940072AE99 /* Login */ = {
			isa = PBXGroup;
			children = (
				BEDB54212C3C9ED1006F0E00 /* LoginView.swift */,
			);
			path = Login;
			sourceTree = "<group>";
		};
		BE18BCA72C3DEE770072AE99 /* View Models */ = {
			isa = PBXGroup;
			children = (
				BE18BCA82C3DEF060072AE99 /* LibraryViewModel.swift */,
				BEE3727E2C3F225900CF96B7 /* PlaylistViewModel.swift */,
			);
			path = "View Models";
			sourceTree = "<group>";
		};
		BE18BCAA2C3DEFD50072AE99 /* Models */ = {
			isa = PBXGroup;
			children = (
				BE18BCAB2C3DEFE50072AE99 /* Playlist.swift */,
				BEE372842C3F30FD00CF96B7 /* PlaylistDocument.swift */,
				BE18BCAD2C3DF01A0072AE99 /* PlaylistsResponse.swift */,
				BEE372802C3F22E400CF96B7 /* Track.swift */,
				BEE372822C3F28BE00CF96B7 /* TracksResponse.swift */,
			);
			path = Models;
			sourceTree = "<group>";
		};
		BEDB53FF2C3C9BC7006F0E00 = {
			isa = PBXGroup;
			children = (
				BEDB540A2C3C9BC7006F0E00 /* HalfNapster */,
				BEDB54092C3C9BC7006F0E00 /* Products */,
			);
			sourceTree = "<group>";
		};
		BEDB54092C3C9BC7006F0E00 /* Products */ = {
			isa = PBXGroup;
			children = (
				BEDB54082C3C9BC7006F0E00 /* HalfNapster.app */,
			);
			name = Products;
			sourceTree = "<group>";
		};
		BEDB540A2C3C9BC7006F0E00 /* HalfNapster */ = {
			isa = PBXGroup;
			children = (
				BEDB541D2C3C9C8D006F0E00 /* App */,
				BE18BCAA2C3DEFD50072AE99 /* Models */,
				BEDB54232C3CA512006F0E00 /* Services */,
				BEDB541E2C3C9C97006F0E00 /* Views */,
				BE18BCA72C3DEE770072AE99 /* View Models */,
				BEDB540F2C3C9BC9006F0E00 /* Assets.xcassets */,
				BEDB54142C3C9BC9006F0E00 /* HalfNapster.entitlements */,
				BEB4C7EF2C3DCF0700CB80E7 /* Info.plist */,
				BEDB54112C3C9BC9006F0E00 /* Preview Content */,
			);
			path = HalfNapster;
			sourceTree = "<group>";
		};
		BEDB54112C3C9BC9006F0E00 /* Preview Content */ = {
			isa = PBXGroup;
			children = (
				BEDB54122C3C9BC9006F0E00 /* Preview Assets.xcassets */,
			);
			path = "Preview Content";
			sourceTree = "<group>";
		};
		BEDB541D2C3C9C8D006F0E00 /* App */ = {
			isa = PBXGroup;
			children = (
				BEDB540B2C3C9BC7006F0E00 /* HalfNapsterApp.swift */,
			);
			path = App;
			sourceTree = "<group>";
		};
		BEDB541E2C3C9C97006F0E00 /* Views */ = {
			isa = PBXGroup;
			children = (
				BE18BCA32C3DEA8B0072AE99 /* Library */,
				BE18BCA42C3DEA940072AE99 /* Login */,
				BEE3727B2C3F21E600CF96B7 /* Playlist */,
				BEDB541F2C3C9C9F006F0E00 /* Root */,
			);
			path = Views;
			sourceTree = "<group>";
		};
		BEDB541F2C3C9C9F006F0E00 /* Root */ = {
			isa = PBXGroup;
			children = (
				BEDB540D2C3C9BC7006F0E00 /* ContentView.swift */,
			);
			path = Root;
			sourceTree = "<group>";
		};
		BEDB54232C3CA512006F0E00 /* Services */ = {
			isa = PBXGroup;
			children = (
				BEDB54242C3CA527006F0E00 /* OAuthService.swift */,
			);
			path = Services;
			sourceTree = "<group>";
		};
		BEE3727B2C3F21E600CF96B7 /* Playlist */ = {
			isa = PBXGroup;
			children = (
				BEE3727C2C3F21FC00CF96B7 /* PlaylistView.swift */,
			);
			path = Playlist;
			sourceTree = "<group>";
		};
/* End PBXGroup section */

/* Begin PBXNativeTarget section */
		BEDB54072C3C9BC7006F0E00 /* HalfNapster */ = {
			isa = PBXNativeTarget;
			buildConfigurationList = BEDB54172C3C9BC9006F0E00 /* Build configuration list for PBXNativeTarget "HalfNapster" */;
			buildPhases = (
				BEDB54042C3C9BC7006F0E00 /* Sources */,
				BEDB54052C3C9BC7006F0E00 /* Frameworks */,
				BEDB54062C3C9BC7006F0E00 /* Resources */,
			);
			buildRules = (
			);
			dependencies = (
			);
			name = HalfNapster;
			packageProductDependencies = (
				BEDB541B2C3C9C27006F0E00 /* OAuthSwift */,
			);
			productName = HalfNapster;
			productReference = BEDB54082C3C9BC7006F0E00 /* HalfNapster.app */;
			productType = "com.apple.product-type.application";
		};
/* End PBXNativeTarget section */

/* Begin PBXProject section */
		BEDB54002C3C9BC7006F0E00 /* Project object */ = {
			isa = PBXProject;
			attributes = {
				BuildIndependentTargetsInParallel = 1;
				LastSwiftUpdateCheck = 1500;
				LastUpgradeCheck = 1500;
				TargetAttributes = {
					BEDB54072C3C9BC7006F0E00 = {
						CreatedOnToolsVersion = 15.0.1;
					};
				};
			};
			buildConfigurationList = BEDB54032C3C9BC7006F0E00 /* Build configuration list for PBXProject "HalfNapster" */;
			compatibilityVersion = "Xcode 14.0";
			developmentRegion = en;
			hasScannedForEncodings = 0;
			knownRegions = (
				en,
				Base,
			);
			mainGroup = BEDB53FF2C3C9BC7006F0E00;
			packageReferences = (
				BEDB541A2C3C9C27006F0E00 /* XCRemoteSwiftPackageReference "OAuthSwift" */,
			);
			productRefGroup = BEDB54092C3C9BC7006F0E00 /* Products */;
			projectDirPath = "";
			projectRoot = "";
			targets = (
				BEDB54072C3C9BC7006F0E00 /* HalfNapster */,
			);
		};
/* End PBXProject section */

/* Begin PBXResourcesBuildPhase section */
		BEDB54062C3C9BC7006F0E00 /* Resources */ = {
			isa = PBXResourcesBuildPhase;
			buildActionMask = 2147483647;
			files = (
				BEDB54132C3C9BC9006F0E00 /* Preview Assets.xcassets in Resources */,
				BEDB54102C3C9BC9006F0E00 /* Assets.xcassets in Resources */,
			);
			runOnlyForDeploymentPostprocessing = 0;
		};
/* End PBXResourcesBuildPhase section */

/* Begin PBXSourcesBuildPhase section */
		BEDB54042C3C9BC7006F0E00 /* Sources */ = {
			isa = PBXSourcesBuildPhase;
			buildActionMask = 2147483647;
			files = (
				BEDB54222C3C9ED1006F0E00 /* LoginView.swift in Sources */,
				BEE372812C3F22E400CF96B7 /* Track.swift in Sources */,
				BEE372832C3F28BE00CF96B7 /* TracksResponse.swift in Sources */,
				BEDB540E2C3C9BC7006F0E00 /* ContentView.swift in Sources */,
				BEE3727F2C3F225900CF96B7 /* PlaylistViewModel.swift in Sources */,
				BEE372852C3F30FD00CF96B7 /* PlaylistDocument.swift in Sources */,
				BEDB540C2C3C9BC7006F0E00 /* HalfNapsterApp.swift in Sources */,
				BEE3727D2C3F21FC00CF96B7 /* PlaylistView.swift in Sources */,
				BE18BCAC2C3DEFE50072AE99 /* Playlist.swift in Sources */,
				BE18BCA62C3DEAAA0072AE99 /* LibraryView.swift in Sources */,
				BE18BCA92C3DEF060072AE99 /* LibraryViewModel.swift in Sources */,
				BE18BCAE2C3DF01A0072AE99 /* PlaylistsResponse.swift in Sources */,
				BEDB54252C3CA527006F0E00 /* OAuthService.swift in Sources */,
			);
			runOnlyForDeploymentPostprocessing = 0;
		};
/* End PBXSourcesBuildPhase section */

/* Begin XCBuildConfiguration section */
		BEDB54152C3C9BC9006F0E00 /* Debug */ = {
			isa = XCBuildConfiguration;
			buildSettings = {
				ALWAYS_SEARCH_USER_PATHS = NO;
				ASSETCATALOG_COMPILER_GENERATE_SWIFT_ASSET_SYMBOL_EXTENSIONS = YES;
				CLANG_ANALYZER_NONNULL = YES;
				CLANG_ANALYZER_NUMBER_OBJECT_CONVERSION = YES_AGGRESSIVE;
				CLANG_CXX_LANGUAGE_STANDARD = "gnu++20";
				CLANG_ENABLE_MODULES = YES;
				CLANG_ENABLE_OBJC_ARC = YES;
				CLANG_ENABLE_OBJC_WEAK = YES;
				CLANG_WARN_BLOCK_CAPTURE_AUTORELEASING = YES;
				CLANG_WARN_BOOL_CONVERSION = YES;
				CLANG_WARN_COMMA = YES;
				CLANG_WARN_CONSTANT_CONVERSION = YES;
				CLANG_WARN_DEPRECATED_OBJC_IMPLEMENTATIONS = YES;
				CLANG_WARN_DIRECT_OBJC_ISA_USAGE = YES_ERROR;
				CLANG_WARN_DOCUMENTATION_COMMENTS = YES;
				CLANG_WARN_EMPTY_BODY = YES;
				CLANG_WARN_ENUM_CONVERSION = YES;
				CLANG_WARN_INFINITE_RECURSION = YES;
				CLANG_WARN_INT_CONVERSION = YES;
				CLANG_WARN_NON_LITERAL_NULL_CONVERSION = YES;
				CLANG_WARN_OBJC_IMPLICIT_RETAIN_SELF = YES;
				CLANG_WARN_OBJC_LITERAL_CONVERSION = YES;
				CLANG_WARN_OBJC_ROOT_CLASS = YES_ERROR;
				CLANG_WARN_QUOTED_INCLUDE_IN_FRAMEWORK_HEADER = YES;
				CLANG_WARN_RANGE_LOOP_ANALYSIS = YES;
				CLANG_WARN_STRICT_PROTOTYPES = YES;
				CLANG_WARN_SUSPICIOUS_MOVE = YES;
				CLANG_WARN_UNGUARDED_AVAILABILITY = YES_AGGRESSIVE;
				CLANG_WARN_UNREACHABLE_CODE = YES;
				CLANG_WARN__DUPLICATE_METHOD_MATCH = YES;
				COPY_PHASE_STRIP = NO;
				DEBUG_INFORMATION_FORMAT = dwarf;
				ENABLE_STRICT_OBJC_MSGSEND = YES;
				ENABLE_TESTABILITY = YES;
				ENABLE_USER_SCRIPT_SANDBOXING = YES;
				GCC_C_LANGUAGE_STANDARD = gnu17;
				GCC_DYNAMIC_NO_PIC = NO;
				GCC_NO_COMMON_BLOCKS = YES;
				GCC_OPTIMIZATION_LEVEL = 0;
				GCC_PREPROCESSOR_DEFINITIONS = (
					"DEBUG=1",
					"$(inherited)",
				);
				GCC_WARN_64_TO_32_BIT_CONVERSION = YES;
				GCC_WARN_ABOUT_RETURN_TYPE = YES_ERROR;
				GCC_WARN_UNDECLARED_SELECTOR = YES;
				GCC_WARN_UNINITIALIZED_AUTOS = YES_AGGRESSIVE;
				GCC_WARN_UNUSED_FUNCTION = YES;
				GCC_WARN_UNUSED_VARIABLE = YES;
				LOCALIZATION_PREFERS_STRING_CATALOGS = YES;
				MACOSX_DEPLOYMENT_TARGET = 14.0;
				MTL_ENABLE_DEBUG_INFO = INCLUDE_SOURCE;
				MTL_FAST_MATH = YES;
				ONLY_ACTIVE_ARCH = YES;
				SDKROOT = macosx;
				SWIFT_ACTIVE_COMPILATION_CONDITIONS = "DEBUG $(inherited)";
				SWIFT_OPTIMIZATION_LEVEL = "-Onone";
			};
			name = Debug;
		};
		BEDB54162C3C9BC9006F0E00 /* Release */ = {
			isa = XCBuildConfiguration;
			buildSettings = {
				ALWAYS_SEARCH_USER_PATHS = NO;
				ASSETCATALOG_COMPILER_GENERATE_SWIFT_ASSET_SYMBOL_EXTENSIONS = YES;
				CLANG_ANALYZER_NONNULL = YES;
				CLANG_ANALYZER_NUMBER_OBJECT_CONVERSION = YES_AGGRESSIVE;
				CLANG_CXX_LANGUAGE_STANDARD = "gnu++20";
				CLANG_ENABLE_MODULES = YES;
				CLANG_ENABLE_OBJC_ARC = YES;
				CLANG_ENABLE_OBJC_WEAK = YES;
				CLANG_WARN_BLOCK_CAPTURE_AUTORELEASING = YES;
				CLANG_WARN_BOOL_CONVERSION = YES;
				CLANG_WARN_COMMA = YES;
				CLANG_WARN_CONSTANT_CONVERSION = YES;
				CLANG_WARN_DEPRECATED_OBJC_IMPLEMENTATIONS = YES;
				CLANG_WARN_DIRECT_OBJC_ISA_USAGE = YES_ERROR;
				CLANG_WARN_DOCUMENTATION_COMMENTS = YES;
				CLANG_WARN_EMPTY_BODY = YES;
				CLANG_WARN_ENUM_CONVERSION = YES;
				CLANG_WARN_INFINITE_RECURSION = YES;
				CLANG_WARN_INT_CONVERSION = YES;
				CLANG_WARN_NON_LITERAL_NULL_CONVERSION = YES;
				CLANG_WARN_OBJC_IMPLICIT_RETAIN_SELF = YES;
				CLANG_WARN_OBJC_LITERAL_CONVERSION = YES;
				CLANG_WARN_OBJC_ROOT_CLASS = YES_ERROR;
				CLANG_WARN_QUOTED_INCLUDE_IN_FRAMEWORK_HEADER = YES;
				CLANG_WARN_RANGE_LOOP_ANALYSIS = YES;
				CLANG_WARN_STRICT_PROTOTYPES = YES;
				CLANG_WARN_SUSPICIOUS_MOVE = YES;
				CLANG_WARN_UNGUARDED_AVAILABILITY = YES_AGGRESSIVE;
				CLANG_WARN_UNREACHABLE_CODE = YES;
				CLANG_WARN__DUPLICATE_METHOD_MATCH = YES;
				COPY_PHASE_STRIP = NO;
				DEBUG_INFORMATION_FORMAT = "dwarf-with-dsym";
				ENABLE_NS_ASSERTIONS = NO;
				ENABLE_STRICT_OBJC_MSGSEND = YES;
				ENABLE_USER_SCRIPT_SANDBOXING = YES;
				GCC_C_LANGUAGE_STANDARD = gnu17;
				GCC_NO_COMMON_BLOCKS = YES;
				GCC_WARN_64_TO_32_BIT_CONVERSION = YES;
				GCC_WARN_ABOUT_RETURN_TYPE = YES_ERROR;
				GCC_WARN_UNDECLARED_SELECTOR = YES;
				GCC_WARN_UNINITIALIZED_AUTOS = YES_AGGRESSIVE;
				GCC_WARN_UNUSED_FUNCTION = YES;
				GCC_WARN_UNUSED_VARIABLE = YES;
				LOCALIZATION_PREFERS_STRING_CATALOGS = YES;
				MACOSX_DEPLOYMENT_TARGET = 14.0;
				MTL_ENABLE_DEBUG_INFO = NO;
				MTL_FAST_MATH = YES;
				SDKROOT = macosx;
				SWIFT_COMPILATION_MODE = wholemodule;
			};
			name = Release;
		};
		BEDB54182C3C9BC9006F0E00 /* Debug */ = {
			isa = XCBuildConfiguration;
			buildSettings = {
				ASSETCATALOG_COMPILER_APPICON_NAME = AppIcon;
				ASSETCATALOG_COMPILER_GLOBAL_ACCENT_COLOR_NAME = AccentColor;
				CODE_SIGN_ENTITLEMENTS = HalfNapster/HalfNapster.entitlements;
				CODE_SIGN_STYLE = Automatic;
				COMBINE_HIDPI_IMAGES = YES;
				CURRENT_PROJECT_VERSION = 1;
				DEVELOPMENT_ASSET_PATHS = "\"HalfNapster/Preview Content\"";
				DEVELOPMENT_TEAM = FE43AHL2D2;
				ENABLE_HARDENED_RUNTIME = YES;
				ENABLE_PREVIEWS = YES;
				GENERATE_INFOPLIST_FILE = YES;
				INFOPLIST_FILE = HalfNapster/Info.plist;
				INFOPLIST_KEY_NSHumanReadableCopyright = "";
				LD_RUNPATH_SEARCH_PATHS = (
					"$(inherited)",
					"@executable_path/../Frameworks",
				);
				MARKETING_VERSION = 1.0;
				PRODUCT_BUNDLE_IDENTIFIER = com.scottdaniel.HalfNapster;
				PRODUCT_NAME = "$(TARGET_NAME)";
				SWIFT_EMIT_LOC_STRINGS = YES;
				SWIFT_VERSION = 5.0;
			};
			name = Debug;
		};
		BEDB54192C3C9BC9006F0E00 /* Release */ = {
			isa = XCBuildConfiguration;
			buildSettings = {
				ASSETCATALOG_COMPILER_APPICON_NAME = AppIcon;
				ASSETCATALOG_COMPILER_GLOBAL_ACCENT_COLOR_NAME = AccentColor;
				CODE_SIGN_ENTITLEMENTS = HalfNapster/HalfNapster.entitlements;
				CODE_SIGN_STYLE = Automatic;
				COMBINE_HIDPI_IMAGES = YES;
				CURRENT_PROJECT_VERSION = 1;
				DEVELOPMENT_ASSET_PATHS = "\"HalfNapster/Preview Content\"";
				DEVELOPMENT_TEAM = FE43AHL2D2;
				ENABLE_HARDENED_RUNTIME = YES;
				ENABLE_PREVIEWS = YES;
				GENERATE_INFOPLIST_FILE = YES;
				INFOPLIST_FILE = HalfNapster/Info.plist;
				INFOPLIST_KEY_NSHumanReadableCopyright = "";
				LD_RUNPATH_SEARCH_PATHS = (
					"$(inherited)",
					"@executable_path/../Frameworks",
				);
				MARKETING_VERSION = 1.0;
				PRODUCT_BUNDLE_IDENTIFIER = com.scottdaniel.HalfNapster;
				PRODUCT_NAME = "$(TARGET_NAME)";
				SWIFT_EMIT_LOC_STRINGS = YES;
				SWIFT_VERSION = 5.0;
			};
			name = Release;
		};
/* End XCBuildConfiguration section */

/* Begin XCConfigurationList section */
		BEDB54032C3C9BC7006F0E00 /* Build configuration list for PBXProject "HalfNapster" */ = {
			isa = XCConfigurationList;
			buildConfigurations = (
				BEDB54152C3C9BC9006F0E00 /* Debug */,
				BEDB54162C3C9BC9006F0E00 /* Release */,
			);
			defaultConfigurationIsVisible = 0;
			defaultConfigurationName = Release;
		};
		BEDB54172C3C9BC9006F0E00 /* Build configuration list for PBXNativeTarget "HalfNapster" */ = {
			isa = XCConfigurationList;
			buildConfigurations = (
				BEDB54182C3C9BC9006F0E00 /* Debug */,
				BEDB54192C3C9BC9006F0E00 /* Release */,
			);
			defaultConfigurationIsVisible = 0;
			defaultConfigurationName = Release;
		};
/* End XCConfigurationList section */

/* Begin XCRemoteSwiftPackageReference section */
		BEDB541A2C3C9C27006F0E00 /* XCRemoteSwiftPackageReference "OAuthSwift" */ = {
			isa = XCRemoteSwiftPackageReference;
			repositoryURL = "https://github.com/OAuthSwift/OAuthSwift.git";
			requirement = {
				kind = upToNextMajorVersion;
				minimumVersion = 2.2.0;
			};
		};
/* End XCRemoteSwiftPackageReference section */

/* Begin XCSwiftPackageProductDependency section */
		BEDB541B2C3C9C27006F0E00 /* OAuthSwift */ = {
			isa = XCSwiftPackageProductDependency;
			package = BEDB541A2C3C9C27006F0E00 /* XCRemoteSwiftPackageReference "OAuthSwift" */;
			productName = OAuthSwift;
		};
/* End XCSwiftPackageProductDependency section */
	};
	rootObject = BEDB54002C3C9BC7006F0E00 /* Project object */;
}
